<?xml version="1.0" encoding="utf-8"?>
<Project ToolsVersion="4.0" xmlns="http://schemas.microsoft.com/developer/msbuild/2003">
  <ItemGroup>
    <Text Include="ReadMe.txt" />
  </ItemGroup>
  <ItemGroup>
    <ClInclude Include="targetver.h" />
    <ClInclude Include="stdafx.h" />
    <ClInclude Include="Wrapper.h" />
    <ClInclude Include="Dx11GraphicsWndFactory.h" />
    <ClInclude Include="Dx11GraphicsWnd.h" />
    <ClInclude Include="vtable_bind.h" />
    <ClInclude Include="Window.h" />
    <ClInclude Include="SmartHandle.h" />
    <ClInclude Include="WindowsThreadMessageQueue.h" />
    <ClInclude Include="Dx\Dx11Device.h" />
    <ClInclude Include="Dx\Dx11Include.h" />
    <ClInclude Include="Dx\Dx11HwndSwapChain.h" />
    <ClInclude Include="HResultException.h" />
    <ClInclude Include="Dx\Vertices.h" />
    <ClInclude Include="Dx\ShaderLoader.h" />
    <ClInclude Include="Dx\CBuffer.h" />
  </ItemGroup>
  <ItemGroup>
    <ClCompile Include="stdafx.cpp" />
    <ClCompile Include="DoomApp.cpp" />
    <ClCompile Include="Wrapper.cpp" />
    <ClCompile Include="Dx11GraphicsWndFactory.cpp" />
    <ClCompile Include="Dx11GraphicsWnd.cpp" />
    <ClCompile Include="Window.cpp" />
    <ClCompile Include="SmartHandle.cpp" />
    <ClCompile Include="WindowsThreadMessageQueue.cpp" />
    <ClCompile Include="Dx\Dx11Device.cpp" />
    <ClCompile Include="Dx\Dx11HwndSwapChain.cpp" />
    <ClCompile Include="HResultException.cpp" />
    <ClCompile Include="Dx\ShaderLoader.cpp" />
  </ItemGroup>
  <ItemGroup>
    <FxCompile Include="Dx\Shaders\DoomBackBufferVS.hlsl" />
    <FxCompile Include="Dx\Shaders\DoomBackBufferPS.hlsl" />
  </ItemGroup>
</Project>